
Microsoft Visual Studio Solution File, Format Version 12.00
# Visual Studio 15
VisualStudioVersion = 15.0.27428.2011
MinimumVisualStudioVersion = 10.0.40219.1
Project("{FAE04EC0-301F-11D3-BF4B-00C04F79EFBC}") = "IdentityServerQuickstart", "IdentityServerQuickstart\IdentityServerQuickstart.csproj", "{D0B895D6-C5F1-4A2B-A653-89E85BFB37B5}"
EndProject
Project("{FAE04EC0-301F-11D3-BF4B-00C04F79EFBC}") = "API", "API\API.csproj", "{973FD505-36A1-49D9-8266-236B5B5FB072}"
EndProject
Project("{FAE04EC0-301F-11D3-BF4B-00C04F79EFBC}") = "Client", "Client\Client.csproj", "{2D65C71E-1337-47B3-A87D-39E77A70C80D}"
EndProject
Global
	GlobalSection(SolutionConfigurationPlatforms) = preSolution
		Debug|Any CPU = Debug|Any CPU
		Release|Any CPU = Release|Any CPU
	EndGlobalSection
	GlobalSection(ProjectConfigurationPlatforms) = postSolution
		{D0B895D6-C5F1-4A2B-A653-89E85BFB37B5}.Debug|Any CPU.ActiveCfg = Debug|Any CPU
		{D0B895D6-C5F1-4A2B-A653-89E85BFB37B5}.Debug|Any CPU.Build.0 = Debug|Any CPU
		{D0B895D6-C5F1-4A2B-A653-89E85BFB37B5}.Release|Any CPU.ActiveCfg = Release|Any CPU
		{D0B895D6-C5F1-4A2B-A653-89E85BFB37B5}.Release|Any CPU.Build.0 = Release|Any CPU
		{973FD505-36A1-49D9-8266-236B5B5FB072}.Debug|Any CPU.ActiveCfg = Debug|Any CPU
		{973FD505-36A1-49D9-8266-236B5B5FB072}.Debug|Any CPU.Build.0 = Debug|Any CPU
		{973FD505-36A1-49D9-8266-236B5B5FB072}.Release|Any CPU.ActiveCfg = Release|Any CPU
		{973FD505-36A1-49D9-8266-236B5B5FB072}.Release|Any CPU.Build.0 = Release|Any CPU
		{2D65C71E-1337-47B3-A87D-39E77A70C80D}.Debug|Any CPU.ActiveCfg = Debug|Any CPU
		{2D65C71E-1337-47B3-A87D-39E77A70C80D}.Debug|Any CPU.Build.0 = Debug|Any CPU
		{2D65C71E-1337-47B3-A87D-39E77A70C80D}.Release|Any CPU.ActiveCfg = Release|Any CPU
		{2D65C71E-1337-47B3-A87D-39E77A70C80D}.Release|Any CPU.Build.0 = Release|Any CPU
	EndGlobalSection
	GlobalSection(SolutionProperties) = preSolution
		HideSolutionNode = FALSE
	EndGlobalSection
	GlobalSection(ExtensibilityGlobals) = postSolution
		SolutionGuid = {89E24DEB-E2BE-4280-9AEF-F2B8CB07B79D}
	EndGlobalSection
EndGlobal
